
Microsoft Visual Studio Solution File, Format Version 12.00
# Visual Studio Version 17
VisualStudioVersion = 17.4.33205.214
MinimumVisualStudioVersion = 10.0.40219.1
Project("{FAE04EC0-301F-11D3-BF4B-00C04F79EFBC}") = "CSGOWingmanMatchHistoryViewer", "CSGOWingmanMatchHistoryViewer\CSGOWingmanMatchHistoryViewer.csproj", "{2C19760D-4A8A-4CAD-A667-6B120E4238DD}"
EndProject
Global
	GlobalSection(SolutionConfigurationPlatforms) = preSolution
		Debug|Any CPU = Debug|Any CPU
		Release|Any CPU = Release|Any CPU
	EndGlobalSection
	GlobalSection(ProjectConfigurationPlatforms) = postSolution
		{2C19760D-4A8A-4CAD-A667-6B120E4238DD}.Debug|Any CPU.ActiveCfg = Debug|Any CPU
		{2C19760D-4A8A-4CAD-A667-6B120E4238DD}.Debug|Any CPU.Build.0 = Debug|Any CPU
		{2C19760D-4A8A-4CAD-A667-6B120E4238DD}.Release|Any CPU.ActiveCfg = Release|Any CPU
		{2C19760D-4A8A-4CAD-A667-6B120E4238DD}.Release|Any CPU.Build.0 = Release|Any CPU
	EndGlobalSection
	GlobalSection(SolutionProperties) = preSolution
		HideSolutionNode = FALSE
	EndGlobalSection
	GlobalSection(ExtensibilityGlobals) = postSolution
		SolutionGuid = {041BA020-F44E-44C8-B15F-EEF024D52EDA}
	EndGlobalSection
EndGlobal
